
Microsoft Visual Studio Solution File, Format Version 12.00
# Visual Studio Version 17
VisualStudioVersion = 17.14.36221.1 d17.14
MinimumVisualStudioVersion = 10.0.40219.1
Project("{FAE04EC0-301F-11D3-BF4B-00C04F79EFBC}") = "ConsoleApp5", "ConsoleApp5.csproj", "{670316F2-3693-4130-8780-94DADB1D67FB}"
EndProject
Global
	GlobalSection(SolutionConfigurationPlatforms) = preSolution
		Debug|Any CPU = Debug|Any CPU
		Release|Any CPU = Release|Any CPU
	EndGlobalSection
	GlobalSection(ProjectConfigurationPlatforms) = postSolution
		{670316F2-3693-4130-8780-94DADB1D67FB}.Debug|Any CPU.ActiveCfg = Debug|Any CPU
		{670316F2-3693-4130-8780-94DADB1D67FB}.Debug|Any CPU.Build.0 = Debug|Any CPU
		{670316F2-3693-4130-8780-94DADB1D67FB}.Release|Any CPU.ActiveCfg = Release|Any CPU
		{670316F2-3693-4130-8780-94DADB1D67FB}.Release|Any CPU.Build.0 = Release|Any CPU
	EndGlobalSection
	GlobalSection(SolutionProperties) = preSolution
		HideSolutionNode = FALSE
	EndGlobalSection
	GlobalSection(ExtensibilityGlobals) = postSolution
		SolutionGuid = {60D82A08-E8A4-4614-988C-BCCF2F0954E8}
	EndGlobalSection
EndGlobal
